
Microsoft Visual Studio Solution File, Format Version 12.00
# Visual Studio 2012
Project("{8BC9CEB8-8B4A-11D0-8D11-00A0C91BC942}") = "畅通工程续", "畅通工程续\畅通工程续.vcxproj", "{DA71B67E-2805-4C7C-8CE6-B34FE8C51440}"
EndProject
Global
	GlobalSection(SolutionConfigurationPlatforms) = preSolution
		Debug|Win32 = Debug|Win32
		Release|Win32 = Release|Win32
	EndGlobalSection
	GlobalSection(ProjectConfigurationPlatforms) = postSolution
		{DA71B67E-2805-4C7C-8CE6-B34FE8C51440}.Debug|Win32.ActiveCfg = Debug|Win32
		{DA71B67E-2805-4C7C-8CE6-B34FE8C51440}.Debug|Win32.Build.0 = Debug|Win32
		{DA71B67E-2805-4C7C-8CE6-B34FE8C51440}.Release|Win32.ActiveCfg = Release|Win32
		{DA71B67E-2805-4C7C-8CE6-B34FE8C51440}.Release|Win32.Build.0 = Release|Win32
	EndGlobalSection
	GlobalSection(SolutionProperties) = preSolution
		HideSolutionNode = FALSE
	EndGlobalSection
EndGlobal
