
Microsoft Visual Studio Solution File, Format Version 12.00
# Visual Studio 2012
Project("{8BC9CEB8-8B4A-11D0-8D11-00A0C91BC942}") = "二叉树的遍历和线索二叉树", "二叉树的遍历和线索二叉树\二叉树的遍历和线索二叉树.vcxproj", "{374AB8EA-1962-49B4-905E-58D3A6F10FC6}"
EndProject
Global
	GlobalSection(SolutionConfigurationPlatforms) = preSolution
		Debug|Win32 = Debug|Win32
		Release|Win32 = Release|Win32
	EndGlobalSection
	GlobalSection(ProjectConfigurationPlatforms) = postSolution
		{374AB8EA-1962-49B4-905E-58D3A6F10FC6}.Debug|Win32.ActiveCfg = Debug|Win32
		{374AB8EA-1962-49B4-905E-58D3A6F10FC6}.Debug|Win32.Build.0 = Debug|Win32
		{374AB8EA-1962-49B4-905E-58D3A6F10FC6}.Release|Win32.ActiveCfg = Release|Win32
		{374AB8EA-1962-49B4-905E-58D3A6F10FC6}.Release|Win32.Build.0 = Release|Win32
	EndGlobalSection
	GlobalSection(SolutionProperties) = preSolution
		HideSolutionNode = FALSE
	EndGlobalSection
EndGlobal
